// !$*UTF8*$!
{
	archiveVersion = 1;
	classes = {
	};
	objectVersion = 46;
	objects = {

/* Begin PBXBuildFile section */
		2F14445B1A687C1B00C74AE8 /* AppDelegate.swift in Sources */ = {isa = PBXBuildFile; fileRef = 2F14445A1A687C1B00C74AE8 /* AppDelegate.swift */; };
		2F14445D1A687C1B00C74AE8 /* ViewController.swift in Sources */ = {isa = PBXBuildFile; fileRef = 2F14445C1A687C1B00C74AE8 /* ViewController.swift */; };
		2F1444601A687C1B00C74AE8 /* Main.storyboard in Resources */ = {isa = PBXBuildFile; fileRef = 2F14445E1A687C1B00C74AE8 /* Main.storyboard */; };
		2F1444621A687C1B00C74AE8 /* Images.xcassets in Resources */ = {isa = PBXBuildFile; fileRef = 2F1444611A687C1B00C74AE8 /* Images.xcassets */; };
		2F1444651A687C1B00C74AE8 /* LaunchScreen.xib in Resources */ = {isa = PBXBuildFile; fileRef = 2F1444631A687C1B00C74AE8 /* LaunchScreen.xib */; };
		2F1444711A687C1B00C74AE8 /* PostcardTests.swift in Sources */ = {isa = PBXBuildFile; fileRef = 2F1444701A687C1B00C74AE8 /* PostcardTests.swift */; };
		2F14447B1A687C7C00C74AE8 /* SagradaFamilia.jpeg in Resources */ = {isa = PBXBuildFile; fileRef = 2F14447A1A687C7C00C74AE8 /* SagradaFamilia.jpeg */; };
		2F14447D1A687C8300C74AE8 /* AlbertEinsteinStamp.jpg in Resources */ = {isa = PBXBuildFile; fileRef = 2F14447C1A687C8300C74AE8 /* AlbertEinsteinStamp.jpg */; };
/* End PBXBuildFile section */

/* Begin PBXContainerItemProxy section */
		2F14446B1A687C1B00C74AE8 /* PBXContainerItemProxy */ = {
			isa = PBXContainerItemProxy;
			containerPortal = 2F14444D1A687C1B00C74AE8 /* Project object */;
			proxyType = 1;
			remoteGlobalIDString = 2F1444541A687C1B00C74AE8;
			remoteInfo = Postcard;
		};
/* End PBXContainerItemProxy section */

/* Begin PBXFileReference section */
		2F1444551A687C1B00C74AE8 /* Postcard.app */ = {isa = PBXFileReference; explicitFileType = wrapper.application; includeInIndex = 0; path = Postcard.app; sourceTree = BUILT_PRODUCTS_DIR; };
		2F1444591A687C1B00C74AE8 /* Info.plist */ = {isa = PBXFileReference; lastKnownFileType = text.plist.xml; path = Info.plist; sourceTree = "<group>"; };
		2F14445A1A687C1B00C74AE8 /* AppDelegate.swift */ = {isa = PBXFileReference; lastKnownFileType = sourcecode.swift; path = AppDelegate.swift; sourceTree = "<group>"; };
		2F14445C1A687C1B00C74AE8 /* ViewController.swift */ = {isa = PBXFileReference; lastKnownFileType = sourcecode.swift; path = ViewController.swift; sourceTree = "<group>"; };
		2F14445F1A687C1B00C74AE8 /* Base */ = {isa = PBXFileReference; lastKnownFileType = file.storyboard; name = Base; path = Base.lproj/Main.storyboard; sourceTree = "<group>"; };
		2F1444611A687C1B00C74AE8 /* Images.xcassets */ = {isa = PBXFileReference; lastKnownFileType = folder.assetcatalog; path = Images.xcassets; sourceTree = "<group>"; };
		2F1444641A687C1B00C74AE8 /* Base */ = {isa = PBXFileReference; lastKnownFileType = file.xib; name = Base; path = Base.lproj/LaunchScreen.xib; sourceTree = "<group>"; };
		2F14446A1A687C1B00C74AE8 /* PostcardTests.xctest */ = {isa = PBXFileReference; explicitFileType = wrapper.cfbundle; includeInIndex = 0; path = PostcardTests.xctest; sourceTree = BUILT_PRODUCTS_DIR; };
		2F14446F1A687C1B00C74AE8 /* Info.plist */ = {isa = PBXFileReference; lastKnownFileType = text.plist.xml; path = Info.plist; sourceTree = "<group>"; };
		2F1444701A687C1B00C74AE8 /* PostcardTests.swift */ = {isa = PBXFileReference; lastKnownFileType = sourcecode.swift; path = PostcardTests.swift; sourceTree = "<group>"; };
		2F14447A1A687C7C00C74AE8 /* SagradaFamilia.jpeg */ = {isa = PBXFileReference; lastKnownFileType = image.jpeg; path = SagradaFamilia.jpeg; sourceTree = "<group>"; };
		2F14447C1A687C8300C74AE8 /* AlbertEinsteinStamp.jpg */ = {isa = PBXFileReference; lastKnownFileType = image.jpeg; path = AlbertEinsteinStamp.jpg; sourceTree = "<group>"; };
/* End PBXFileReference section */

/* Begin PBXFrameworksBuildPhase section */
		2F1444521A687C1B00C74AE8 /* Frameworks */ = {
			isa = PBXFrameworksBuildPhase;
			buildActionMask = 2147483647;
			files = (
			);
			runOnlyForDeploymentPostprocessing = 0;
		};
		2F1444671A687C1B00C74AE8 /* Frameworks */ = {
			isa = PBXFrameworksBuildPhase;
			buildActionMask = 2147483647;
			files = (
			);
			runOnlyForDeploymentPostprocessing = 0;
		};
/* End PBXFrameworksBuildPhase section */

/* Begin PBXGroup section */
		2F14444C1A687C1B00C74AE8 = {
			isa = PBXGroup;
			children = (
				2F1444571A687C1B00C74AE8 /* Postcard */,
				2F14446D1A687C1B00C74AE8 /* PostcardTests */,
				2F1444561A687C1B00C74AE8 /* Products */,
			);
			sourceTree = "<group>";
		};
		2F1444561A687C1B00C74AE8 /* Products */ = {
			isa = PBXGroup;
			children = (
				2F1444551A687C1B00C74AE8 /* Postcard.app */,
				2F14446A1A687C1B00C74AE8 /* PostcardTests.xctest */,
			);
			name = Products;
			sourceTree = "<group>";
		};
		2F1444571A687C1B00C74AE8 /* Postcard */ = {
			isa = PBXGroup;
			children = (
				2F14445A1A687C1B00C74AE8 /* AppDelegate.swift */,
				2F14445C1A687C1B00C74AE8 /* ViewController.swift */,
				2F14445E1A687C1B00C74AE8 /* Main.storyboard */,
				2F1444611A687C1B00C74AE8 /* Images.xcassets */,
				2F1444631A687C1B00C74AE8 /* LaunchScreen.xib */,
				2F1444581A687C1B00C74AE8 /* Supporting Files */,
			);
			path = Postcard;
			sourceTree = "<group>";
		};
		2F1444581A687C1B00C74AE8 /* Supporting Files */ = {
			isa = PBXGroup;
			children = (
				2F14447C1A687C8300C74AE8 /* AlbertEinsteinStamp.jpg */,
				2F14447A1A687C7C00C74AE8 /* SagradaFamilia.jpeg */,
				2F1444591A687C1B00C74AE8 /* Info.plist */,
			);
			name = "Supporting Files";
			sourceTree = "<group>";
		};
		2F14446D1A687C1B00C74AE8 /* PostcardTests */ = {
			isa = PBXGroup;
			children = (
				2F1444701A687C1B00C74AE8 /* PostcardTests.swift */,
				2F14446E1A687C1B00C74AE8 /* Supporting Files */,
			);
			path = PostcardTests;
			sourceTree = "<group>";
		};
		2F14446E1A687C1B00C74AE8 /* Supporting Files */ = {
			isa = PBXGroup;
			children = (
				2F14446F1A687C1B00C74AE8 /* Info.plist */,
			);
			name = "Supporting Files";
			sourceTree = "<group>";
		};
/* End PBXGroup section */

/* Begin PBXNativeTarget section */
		2F1444541A687C1B00C74AE8 /* Postcard */ = {
			isa = PBXNativeTarget;
			buildConfigurationList = 2F1444741A687C1B00C74AE8 /* Build configuration list for PBXNativeTarget "Postcard" */;
			buildPhases = (
				2F1444511A687C1B00C74AE8 /* Sources */,
				2F1444521A687C1B00C74AE8 /* Frameworks */,
				2F1444531A687C1B00C74AE8 /* Resources */,
			);
			buildRules = (
			);
			dependencies = (
			);
			name = Postcard;
			productName = Postcard;
			productReference = 2F1444551A687C1B00C74AE8 /* Postcard.app */;
			productType = "com.apple.product-type.application";
		};
		2F1444691A687C1B00C74AE8 /* PostcardTests */ = {
			isa = PBXNativeTarget;
			buildConfigurationList = 2F1444771A687C1B00C74AE8 /* Build configuration list for PBXNativeTarget "PostcardTests" */;
			buildPhases = (
				2F1444661A687C1B00C74AE8 /* Sources */,
				2F1444671A687C1B00C74AE8 /* Frameworks */,
				2F1444681A687C1B00C74AE8 /* Resources */,
			);
			buildRules = (
			);
			dependencies = (
				2F14446C1A687C1B00C74AE8 /* PBXTargetDependency */,
			);
			name = PostcardTests;
			productName = PostcardTests;
			productReference = 2F14446A1A687C1B00C74AE8 /* PostcardTests.xctest */;
			productType = "com.apple.product-type.bundle.unit-test";
		};
/* End PBXNativeTarget section */

/* Begin PBXProject section */
		2F14444D1A687C1B00C74AE8 /* Project object */ = {
			isa = PBXProject;
			attributes = {
				LastUpgradeCheck = 0610;
				ORGANIZATIONNAME = "Mendenhall Mechanical Services Corp";
				TargetAttributes = {
					2F1444541A687C1B00C74AE8 = {
						CreatedOnToolsVersion = 6.1.1;
						DevelopmentTeam = SEJF8CTRUB;
					};
					2F1444691A687C1B00C74AE8 = {
						CreatedOnToolsVersion = 6.1.1;
						TestTargetID = 2F1444541A687C1B00C74AE8;
					};
				};
			};
			buildConfigurationList = 2F1444501A687C1B00C74AE8 /* Build configuration list for PBXProject "Postcard" */;
			compatibilityVersion = "Xcode 3.2";
			developmentRegion = English;
			hasScannedForEncodings = 0;
			knownRegions = (
				en,
				Base,
			);
			mainGroup = 2F14444C1A687C1B00C74AE8;
			productRefGroup = 2F1444561A687C1B00C74AE8 /* Products */;
			projectDirPath = "";
			projectRoot = "";
			targets = (
				2F1444541A687C1B00C74AE8 /* Postcard */,
				2F1444691A687C1B00C74AE8 /* PostcardTests */,
			);
		};
/* End PBXProject section */

/* Begin PBXResourcesBuildPhase section */
		2F1444531A687C1B00C74AE8 /* Resources */ = {
			isa = PBXResourcesBuildPhase;
			buildActionMask = 2147483647;
			files = (
				2F1444601A687C1B00C74AE8 /* Main.storyboard in Resources */,
				2F14447B1A687C7C00C74AE8 /* SagradaFamilia.jpeg in Resources */,
				2F14447D1A687C8300C74AE8 /* AlbertEinsteinStamp.jpg in Resources */,
				2F1444651A687C1B00C74AE8 /* LaunchScreen.xib in Resources */,
				2F1444621A687C1B00C74AE8 /* Images.xcassets in Resources */,
			);
			runOnlyForDeploymentPostprocessing = 0;
		};
		2F1444681A687C1B00C74AE8 /* Resources */ = {
			isa = PBXResourcesBuildPhase;
			buildActionMask = 2147483647;
			files = (
			);
			runOnlyForDeploymentPostprocessing = 0;
		};
/* End PBXResourcesBuildPhase section */

/* Begin PBXSourcesBuildPhase section */
		2F1444511A687C1B00C74AE8 /* Sources */ = {
			isa = PBXSourcesBuildPhase;
			buildActionMask = 2147483647;
			files = (
				2F14445D1A687C1B00C74AE8 /* ViewController.swift in Sources */,
				2F14445B1A687C1B00C74AE8 /* AppDelegate.swift in Sources */,
			);
			runOnlyForDeploymentPostprocessing = 0;
		};
		2F1444661A687C1B00C74AE8 /* Sources */ = {
			isa = PBXSourcesBuildPhase;
			buildActionMask = 2147483647;
			files = (
				2F1444711A687C1B00C74AE8 /* PostcardTests.swift in Sources */,
			);
			runOnlyForDeploymentPostprocessing = 0;
		};
/* End PBXSourcesBuildPhase section */

/* Begin PBXTargetDependency section */
		2F14446C1A687C1B00C74AE8 /* PBXTargetDependency */ = {
			isa = PBXTargetDependency;
			target = 2F1444541A687C1B00C74AE8 /* Postcard */;
			targetProxy = 2F14446B1A687C1B00C74AE8 /* PBXContainerItemProxy */;
		};
/* End PBXTargetDependency section */

/* Begin PBXVariantGroup section */
		2F14445E1A687C1B00C74AE8 /* Main.storyboard */ = {
			isa = PBXVariantGroup;
			children = (
				2F14445F1A687C1B00C74AE8 /* Base */,
			);
			name = Main.storyboard;
			sourceTree = "<group>";
		};
		2F1444631A687C1B00C74AE8 /* LaunchScreen.xib */ = {
			isa = PBXVariantGroup;
			children = (
				2F1444641A687C1B00C74AE8 /* Base */,
			);
			name = LaunchScreen.xib;
			sourceTree = "<group>";
		};
/* End PBXVariantGroup section */

/* Begin XCBuildConfiguration section */
		2F1444721A687C1B00C74AE8 /* Debug */ = {
			isa = XCBuildConfiguration;
			buildSettings = {
				ALWAYS_SEARCH_USER_PATHS = NO;
				CLANG_CXX_LANGUAGE_STANDARD = "gnu++0x";
				CLANG_CXX_LIBRARY = "libc++";
				CLANG_ENABLE_MODULES = YES;
				CLANG_ENABLE_OBJC_ARC = YES;
				CLANG_WARN_BOOL_CONVERSION = YES;
				CLANG_WARN_CONSTANT_CONVERSION = YES;
				CLANG_WARN_DIRECT_OBJC_ISA_USAGE = YES_ERROR;
				CLANG_WARN_EMPTY_BODY = YES;
				CLANG_WARN_ENUM_CONVERSION = YES;
				CLANG_WARN_INT_CONVERSION = YES;
				CLANG_WARN_OBJC_ROOT_CLASS = YES_ERROR;
				CLANG_WARN_UNREACHABLE_CODE = YES;
				CLANG_WARN__DUPLICATE_METHOD_MATCH = YES;
				"CODE_SIGN_IDENTITY[sdk=iphoneos*]" = "iPhone Developer";
				COPY_PHASE_STRIP = NO;
				ENABLE_STRICT_OBJC_MSGSEND = YES;
				GCC_C_LANGUAGE_STANDARD = gnu99;
				GCC_DYNAMIC_NO_PIC = NO;
				GCC_OPTIMIZATION_LEVEL = 0;
				GCC_PREPROCESSOR_DEFINITIONS = (
					"DEBUG=1",
					"$(inherited)",
				);
				GCC_SYMBOLS_PRIVATE_EXTERN = NO;
				GCC_WARN_64_TO_32_BIT_CONVERSION = YES;
				GCC_WARN_ABOUT_RETURN_TYPE = YES_ERROR;
				GCC_WARN_UNDECLARED_SELECTOR = YES;
				GCC_WARN_UNINITIALIZED_AUTOS = YES_AGGRESSIVE;
				GCC_WARN_UNUSED_FUNCTION = YES;
				GCC_WARN_UNUSED_VARIABLE = YES;
				IPHONEOS_DEPLOYMENT_TARGET = 8.1;
				MTL_ENABLE_DEBUG_INFO = YES;
				ONLY_ACTIVE_ARCH = YES;
				SDKROOT = iphoneos;
				SWIFT_OPTIMIZATION_LEVEL = "-Onone";
				TARGETED_DEVICE_FAMILY = "1,2";
			};
			name = Debug;
		};
		2F1444731A687C1B00C74AE8 /* Release */ = {
			isa = XCBuildConfiguration;
			buildSettings = {
				ALWAYS_SEARCH_USER_PATHS = NO;
				CLANG_CXX_LANGUAGE_STANDARD = "gnu++0x";
				CLANG_CXX_LIBRARY = "libc++";
				CLANG_ENABLE_MODULES = YES;
				CLANG_ENABLE_OBJC_ARC = YES;
				CLANG_WARN_BOOL_CONVERSION = YES;
				CLANG_WARN_CONSTANT_CONVERSION = YES;
				CLANG_WARN_DIRECT_OBJC_ISA_USAGE = YES_ERROR;
				CLANG_WARN_EMPTY_BODY = YES;
				CLANG_WARN_ENUM_CONVERSION = YES;
				CLANG_WARN_INT_CONVERSION = YES;
				CLANG_WARN_OBJC_ROOT_CLASS = YES_ERROR;
				CLANG_WARN_UNREACHABLE_CODE = YES;
				CLANG_WARN__DUPLICATE_METHOD_MATCH = YES;
				"CODE_SIGN_IDENTITY[sdk=iphoneos*]" = "iPhone Developer";
				COPY_PHASE_STRIP = YES;
				ENABLE_NS_ASSERTIONS = NO;
				ENABLE_STRICT_OBJC_MSGSEND = YES;
				GCC_C_LANGUAGE_STANDARD = gnu99;
				GCC_WARN_64_TO_32_BIT_CONVERSION = YES;
				GCC_WARN_ABOUT_RETURN_TYPE = YES_ERROR;
				GCC_WARN_UNDECLARED_SELECTOR = YES;
				GCC_WARN_UNINITIALIZED_AUTOS = YES_AGGRESSIVE;
				GCC_WARN_UNUSED_FUNCTION = YES;
				GCC_WARN_UNUSED_VARIABLE = YES;
				IPHONEOS_DEPLOYMENT_TARGET = 8.1;
				MTL_ENABLE_DEBUG_INFO = NO;
				SDKROOT = iphoneos;
				TARGETED_DEVICE_FAMILY = "1,2";
				VALIDATE_PRODUCT = YES;
			};
			name = Release;
		};
		2F1444751A687C1B00C74AE8 /* Debug */ = {
			isa = XCBuildConfiguration;
			buildSettings = {
				ASSETCATALOG_COMPILER_APPICON_NAME = AppIcon;
				CODE_SIGN_IDENTITY = "iPhone Developer";
				INFOPLIST_FILE = Postcard/Info.plist;
				LD_RUNPATH_SEARCH_PATHS = "$(inherited) @executable_path/Frameworks";
				PRODUCT_NAME = "$(TARGET_NAME)";
			};
			name = Debug;
		};
		2F1444761A687C1B00C74AE8 /* Release */ = {
			isa = XCBuildConfiguration;
			buildSettings = {
				ASSETCATALOG_COMPILER_APPICON_NAME = AppIcon;
				CODE_SIGN_IDENTITY = "iPhone Developer";
				INFOPLIST_FILE = Postcard/Info.plist;
				LD_RUNPATH_SEARCH_PATHS = "$(inherited) @executable_path/Frameworks";
				PRODUCT_NAME = "$(TARGET_NAME)";
			};
			name = Release;
		};
		2F1444781A687C1B00C74AE8 /* Debug */ = {
			isa = XCBuildConfiguration;
			buildSettings = {
				BUNDLE_LOADER = "$(TEST_HOST)";
				FRAMEWORK_SEARCH_PATHS = (
					"$(SDKROOT)/Developer/Library/Frameworks",
					"$(inherited)",
				);
				GCC_PREPROCESSOR_DEFINITIONS = (
					"DEBUG=1",
					"$(inherited)",
				);
				INFOPLIST_FILE = PostcardTests/Info.plist;
				LD_RUNPATH_SEARCH_PATHS = "$(inherited) @executable_path/Frameworks @loader_path/Frameworks";
				PRODUCT_NAME = "$(TARGET_NAME)";
				TEST_HOST = "$(BUILT_PRODUCTS_DIR)/Postcard.app/Postcard";
			};
			name = Debug;
		};
		2F1444791A687C1B00C74AE8 /* Release */ = {
			isa = XCBuildConfiguration;
			buildSettings = {
				BUNDLE_LOADER = "$(TEST_HOST)";
				FRAMEWORK_SEARCH_PATHS = (
					"$(SDKROOT)/Developer/Library/Frameworks",
					"$(inherited)",
				);
				INFOPLIST_FILE = PostcardTests/Info.plist;
				LD_RUNPATH_SEARCH_PATHS = "$(inherited) @executable_path/Frameworks @loader_path/Frameworks";
				PRODUCT_NAME = "$(TARGET_NAME)";
				TEST_HOST = "$(BUILT_PRODUCTS_DIR)/Postcard.app/Postcard";
			};
			name = Release;
		};
/* End XCBuildConfiguration section */

/* Begin XCConfigurationList section */
		2F1444501A687C1B00C74AE8 /* Build configuration list for PBXProject "Postcard" */ = {
			isa = XCConfigurationList;
			buildConfigurations = (
				2F1444721A687C1B00C74AE8 /* Debug */,
				2F1444731A687C1B00C74AE8 /* Release */,
			);
			defaultConfigurationIsVisible = 0;
			defaultConfigurationName = Release;
		};
		2F1444741A687C1B00C74AE8 /* Build configuration list for PBXNativeTarget "Postcard" */ = {
			isa = XCConfigurationList;
			buildConfigurations = (
				2F1444751A687C1B00C74AE8 /* Debug */,
				2F1444761A687C1B00C74AE8 /* Release */,
			);
			defaultConfigurationIsVisible = 0;
		};
		2F1444771A687C1B00C74AE8 /* Build configuration list for PBXNativeTarget "PostcardTests" */ = {
			isa = XCConfigurationList;
			buildConfigurations = (
				2F1444781A687C1B00C74AE8 /* Debug */,
				2F1444791A687C1B00C74AE8 /* Release */,
			);
			defaultConfigurationIsVisible = 0;
		};
/* End XCConfigurationList section */
	};
	rootObject = 2F14444D1A687C1B00C74AE8 /* Project object */;
}
